// !$*UTF8*$!
{
	archiveVersion = 1;
	classes = {
	};
	objectVersion = 56;
	objects = {

/* Begin PBXBuildFile section */
		75559C902ADE797B005C7AF5 /* HTTPClient.swift in Sources */ = {isa = PBXBuildFile; fileRef = 75559C8F2ADE797B005C7AF5 /* HTTPClient.swift */; };
		75559C922ADE7997005C7AF5 /* URLSessionHTTPClient.swift in Sources */ = {isa = PBXBuildFile; fileRef = 75559C912ADE7997005C7AF5 /* URLSessionHTTPClient.swift */; };
		75559C942ADE79B4005C7AF5 /* URLSessionHTTPClientTests.swift in Sources */ = {isa = PBXBuildFile; fileRef = 75559C932ADE79B4005C7AF5 /* URLSessionHTTPClientTests.swift */; };
		75559C962ADE79E8005C7AF5 /* XCTestCase+Helpers.swift in Sources */ = {isa = PBXBuildFile; fileRef = 75559C952ADE79E8005C7AF5 /* XCTestCase+Helpers.swift */; };
		75559C982ADE7ABD005C7AF5 /* RemoteFeedLoader.swift in Sources */ = {isa = PBXBuildFile; fileRef = 75559C972ADE7ABD005C7AF5 /* RemoteFeedLoader.swift */; };
		75559C9A2ADE7ADE005C7AF5 /* API.swift in Sources */ = {isa = PBXBuildFile; fileRef = 75559C992ADE7ADE005C7AF5 /* API.swift */; };
		75559C9C2ADE8210005C7AF5 /* RemoteFeedLoaderTests.swift in Sources */ = {isa = PBXBuildFile; fileRef = 75559C9B2ADE8210005C7AF5 /* RemoteFeedLoaderTests.swift */; };
		75559C9E2ADE82C8005C7AF5 /* HTTPClientSpy.swift in Sources */ = {isa = PBXBuildFile; fileRef = 75559C9D2ADE82C8005C7AF5 /* HTTPClientSpy.swift */; };
		75559CA02ADE83E8005C7AF5 /* README.MD in Resources */ = {isa = PBXBuildFile; fileRef = 75559C9F2ADE83E8005C7AF5 /* README.MD */; };
		75559CAD2AE00849005C7AF5 /* PlacesSwiftUIApp.swift in Sources */ = {isa = PBXBuildFile; fileRef = 75559CAC2AE00849005C7AF5 /* PlacesSwiftUIApp.swift */; };
		75559CAF2AE00849005C7AF5 /* FeedView.swift in Sources */ = {isa = PBXBuildFile; fileRef = 75559CAE2AE00849005C7AF5 /* FeedView.swift */; };
		75559CB12AE0084A005C7AF5 /* Assets.xcassets in Resources */ = {isa = PBXBuildFile; fileRef = 75559CB02AE0084A005C7AF5 /* Assets.xcassets */; };
		75559CB42AE0084A005C7AF5 /* Preview Assets.xcassets in Resources */ = {isa = PBXBuildFile; fileRef = 75559CB32AE0084A005C7AF5 /* Preview Assets.xcassets */; };
		75559CD52AE0085C005C7AF5 /* PlacesFeed.framework in Frameworks */ = {isa = PBXBuildFile; fileRef = 75625F512ADE76C800F3E589 /* PlacesFeed.framework */; platformFilter = ios; };
		75559CD62AE0085C005C7AF5 /* PlacesFeed.framework in Embed Frameworks */ = {isa = PBXBuildFile; fileRef = 75625F512ADE76C800F3E589 /* PlacesFeed.framework */; platformFilter = ios; settings = {ATTRIBUTES = (CodeSignOnCopy, RemoveHeadersOnCopy, ); }; };
		75559CDB2AE00C8F005C7AF5 /* LocationFeedViewModel.swift in Sources */ = {isa = PBXBuildFile; fileRef = 75559CDA2AE00C8F005C7AF5 /* LocationFeedViewModel.swift */; };
		7560AA422AE11659008986AE /* FeedUIComposer.swift in Sources */ = {isa = PBXBuildFile; fileRef = 7560AA412AE11659008986AE /* FeedUIComposer.swift */; };
		7560AA442AE12FCE008986AE /* Localizable.xcstrings in Resources */ = {isa = PBXBuildFile; fileRef = 7560AA432AE12FCE008986AE /* Localizable.xcstrings */; };
		7560AA462AE15A9C008986AE /* FeedRow.swift in Sources */ = {isa = PBXBuildFile; fileRef = 7560AA452AE15A9C008986AE /* FeedRow.swift */; };
		7560AA482AE172AD008986AE /* ExternalURLProvider.swift in Sources */ = {isa = PBXBuildFile; fileRef = 7560AA472AE172AD008986AE /* ExternalURLProvider.swift */; };
		7560AA502AE181CC008986AE /* FeedViewModels.swift in Sources */ = {isa = PBXBuildFile; fileRef = 7560AA4F2AE181CC008986AE /* FeedViewModels.swift */; };
		7560AA532AE1834D008986AE /* LocationViewModelTests.swift in Sources */ = {isa = PBXBuildFile; fileRef = 7560AA522AE1834D008986AE /* LocationViewModelTests.swift */; };
		7560AA552AE18AFC008986AE /* XCTestCase+Helpers.swift in Sources */ = {isa = PBXBuildFile; fileRef = 75559C952ADE79E8005C7AF5 /* XCTestCase+Helpers.swift */; };
		75625F5A2ADE76C800F3E589 /* PlacesFeed.framework in Frameworks */ = {isa = PBXBuildFile; fileRef = 75625F512ADE76C800F3E589 /* PlacesFeed.framework */; };
		75625F6B2ADE77F100F3E589 /* FeedLoader.swift in Sources */ = {isa = PBXBuildFile; fileRef = 75625F6A2ADE77F100F3E589 /* FeedLoader.swift */; };
/* End PBXBuildFile section */

/* Begin PBXContainerItemProxy section */
		75559CBA2AE0084A005C7AF5 /* PBXContainerItemProxy */ = {
			isa = PBXContainerItemProxy;
			containerPortal = 75625F482ADE76C800F3E589 /* Project object */;
			proxyType = 1;
			remoteGlobalIDString = 75559CA92AE00849005C7AF5;
			remoteInfo = PlacesSwiftUI;
		};
		75559CD72AE0085C005C7AF5 /* PBXContainerItemProxy */ = {
			isa = PBXContainerItemProxy;
			containerPortal = 75625F482ADE76C800F3E589 /* Project object */;
			proxyType = 1;
			remoteGlobalIDString = 75625F502ADE76C800F3E589;
			remoteInfo = PlacesFeed;
		};
		75625F5B2ADE76C800F3E589 /* PBXContainerItemProxy */ = {
			isa = PBXContainerItemProxy;
			containerPortal = 75625F482ADE76C800F3E589 /* Project object */;
			proxyType = 1;
			remoteGlobalIDString = 75625F502ADE76C800F3E589;
			remoteInfo = PlacesFeed;
		};
/* End PBXContainerItemProxy section */

/* Begin PBXCopyFilesBuildPhase section */
		75559CD92AE0085C005C7AF5 /* Embed Frameworks */ = {
			isa = PBXCopyFilesBuildPhase;
			buildActionMask = 2147483647;
			dstPath = "";
			dstSubfolderSpec = 10;
			files = (
				75559CD62AE0085C005C7AF5 /* PlacesFeed.framework in Embed Frameworks */,
			);
			name = "Embed Frameworks";
			runOnlyForDeploymentPostprocessing = 0;
		};
/* End PBXCopyFilesBuildPhase section */

/* Begin PBXFileReference section */
		75559C8F2ADE797B005C7AF5 /* HTTPClient.swift */ = {isa = PBXFileReference; lastKnownFileType = sourcecode.swift; path = HTTPClient.swift; sourceTree = "<group>"; };
		75559C912ADE7997005C7AF5 /* URLSessionHTTPClient.swift */ = {isa = PBXFileReference; lastKnownFileType = sourcecode.swift; path = URLSessionHTTPClient.swift; sourceTree = "<group>"; };
		75559C932ADE79B4005C7AF5 /* URLSessionHTTPClientTests.swift */ = {isa = PBXFileReference; lastKnownFileType = sourcecode.swift; path = URLSessionHTTPClientTests.swift; sourceTree = "<group>"; };
		75559C952ADE79E8005C7AF5 /* XCTestCase+Helpers.swift */ = {isa = PBXFileReference; lastKnownFileType = sourcecode.swift; path = "XCTestCase+Helpers.swift"; sourceTree = "<group>"; };
		75559C972ADE7ABD005C7AF5 /* RemoteFeedLoader.swift */ = {isa = PBXFileReference; lastKnownFileType = sourcecode.swift; path = RemoteFeedLoader.swift; sourceTree = "<group>"; };
		75559C992ADE7ADE005C7AF5 /* API.swift */ = {isa = PBXFileReference; lastKnownFileType = sourcecode.swift; path = API.swift; sourceTree = "<group>"; };
		75559C9B2ADE8210005C7AF5 /* RemoteFeedLoaderTests.swift */ = {isa = PBXFileReference; lastKnownFileType = sourcecode.swift; path = RemoteFeedLoaderTests.swift; sourceTree = "<group>"; };
		75559C9D2ADE82C8005C7AF5 /* HTTPClientSpy.swift */ = {isa = PBXFileReference; lastKnownFileType = sourcecode.swift; path = HTTPClientSpy.swift; sourceTree = "<group>"; };
		75559C9F2ADE83E8005C7AF5 /* README.MD */ = {isa = PBXFileReference; lastKnownFileType = net.daringfireball.markdown; path = README.MD; sourceTree = "<group>"; };
		75559CA52AE007CA005C7AF5 /* PlacesFeed.xctestplan */ = {isa = PBXFileReference; lastKnownFileType = text; path = PlacesFeed.xctestplan; sourceTree = "<group>"; };
		75559CAA2AE00849005C7AF5 /* PlacesSwiftUI.app */ = {isa = PBXFileReference; explicitFileType = wrapper.application; includeInIndex = 0; path = PlacesSwiftUI.app; sourceTree = BUILT_PRODUCTS_DIR; };
		75559CAC2AE00849005C7AF5 /* PlacesSwiftUIApp.swift */ = {isa = PBXFileReference; lastKnownFileType = sourcecode.swift; path = PlacesSwiftUIApp.swift; sourceTree = "<group>"; };
		75559CAE2AE00849005C7AF5 /* FeedView.swift */ = {isa = PBXFileReference; lastKnownFileType = sourcecode.swift; path = FeedView.swift; sourceTree = "<group>"; };
		75559CB02AE0084A005C7AF5 /* Assets.xcassets */ = {isa = PBXFileReference; lastKnownFileType = folder.assetcatalog; path = Assets.xcassets; sourceTree = "<group>"; };
		75559CB32AE0084A005C7AF5 /* Preview Assets.xcassets */ = {isa = PBXFileReference; lastKnownFileType = folder.assetcatalog; path = "Preview Assets.xcassets"; sourceTree = "<group>"; };
		75559CB92AE0084A005C7AF5 /* PlacesSwiftUITests.xctest */ = {isa = PBXFileReference; explicitFileType = wrapper.cfbundle; includeInIndex = 0; path = PlacesSwiftUITests.xctest; sourceTree = BUILT_PRODUCTS_DIR; };
		75559CDA2AE00C8F005C7AF5 /* LocationFeedViewModel.swift */ = {isa = PBXFileReference; lastKnownFileType = sourcecode.swift; path = LocationFeedViewModel.swift; sourceTree = "<group>"; };
		75559CDC2AE0135F005C7AF5 /* Info.plist */ = {isa = PBXFileReference; lastKnownFileType = text.plist; path = Info.plist; sourceTree = "<group>"; };
		7560AA412AE11659008986AE /* FeedUIComposer.swift */ = {isa = PBXFileReference; lastKnownFileType = sourcecode.swift; path = FeedUIComposer.swift; sourceTree = "<group>"; };
		7560AA432AE12FCE008986AE /* Localizable.xcstrings */ = {isa = PBXFileReference; lastKnownFileType = text.json.xcstrings; path = Localizable.xcstrings; sourceTree = "<group>"; };
		7560AA452AE15A9C008986AE /* FeedRow.swift */ = {isa = PBXFileReference; lastKnownFileType = sourcecode.swift; path = FeedRow.swift; sourceTree = "<group>"; };
		7560AA472AE172AD008986AE /* ExternalURLProvider.swift */ = {isa = PBXFileReference; lastKnownFileType = sourcecode.swift; path = ExternalURLProvider.swift; sourceTree = "<group>"; };
		7560AA4F2AE181CC008986AE /* FeedViewModels.swift */ = {isa = PBXFileReference; lastKnownFileType = sourcecode.swift; path = FeedViewModels.swift; sourceTree = "<group>"; };
		7560AA522AE1834D008986AE /* LocationViewModelTests.swift */ = {isa = PBXFileReference; lastKnownFileType = sourcecode.swift; path = LocationViewModelTests.swift; sourceTree = "<group>"; };
		7560AA542AE1868D008986AE /* PlacesSwiftUI.xctestplan */ = {isa = PBXFileReference; lastKnownFileType = text; name = PlacesSwiftUI.xctestplan; path = TestPlans/PlacesSwiftUI.xctestplan; sourceTree = "<group>"; };
		75625F512ADE76C800F3E589 /* PlacesFeed.framework */ = {isa = PBXFileReference; explicitFileType = wrapper.framework; includeInIndex = 0; path = PlacesFeed.framework; sourceTree = BUILT_PRODUCTS_DIR; };
		75625F592ADE76C800F3E589 /* PlacesFeedTests.xctest */ = {isa = PBXFileReference; explicitFileType = wrapper.cfbundle; includeInIndex = 0; path = PlacesFeedTests.xctest; sourceTree = BUILT_PRODUCTS_DIR; };
		75625F6A2ADE77F100F3E589 /* FeedLoader.swift */ = {isa = PBXFileReference; lastKnownFileType = sourcecode.swift; path = FeedLoader.swift; sourceTree = "<group>"; };
/* End PBXFileReference section */

/* Begin PBXFrameworksBuildPhase section */
		75559CA72AE00849005C7AF5 /* Frameworks */ = {
			isa = PBXFrameworksBuildPhase;
			buildActionMask = 2147483647;
			files = (
				75559CD52AE0085C005C7AF5 /* PlacesFeed.framework in Frameworks */,
			);
			runOnlyForDeploymentPostprocessing = 0;
		};
		75559CB62AE0084A005C7AF5 /* Frameworks */ = {
			isa = PBXFrameworksBuildPhase;
			buildActionMask = 2147483647;
			files = (
			);
			runOnlyForDeploymentPostprocessing = 0;
		};
		75625F4E2ADE76C800F3E589 /* Frameworks */ = {
			isa = PBXFrameworksBuildPhase;
			buildActionMask = 2147483647;
			files = (
			);
			runOnlyForDeploymentPostprocessing = 0;
		};
		75625F562ADE76C800F3E589 /* Frameworks */ = {
			isa = PBXFrameworksBuildPhase;
			buildActionMask = 2147483647;
			files = (
				75625F5A2ADE76C800F3E589 /* PlacesFeed.framework in Frameworks */,
			);
			runOnlyForDeploymentPostprocessing = 0;
		};
/* End PBXFrameworksBuildPhase section */

/* Begin PBXGroup section */
		75559CA22AE00791005C7AF5 /* TestPlans */ = {
			isa = PBXGroup;
			children = (
				75559CA52AE007CA005C7AF5 /* PlacesFeed.xctestplan */,
			);
			path = TestPlans;
			sourceTree = "<group>";
		};
		75559CAB2AE00849005C7AF5 /* PlacesSwiftUI */ = {
			isa = PBXGroup;
			children = (
				7560AA412AE11659008986AE /* FeedUIComposer.swift */,
				75559CAC2AE00849005C7AF5 /* PlacesSwiftUIApp.swift */,
				7560AA4E2AE181A4008986AE /* ViewModels */,
				7560AA4D2AE18199008986AE /* Views */,
				7560AA512AE181E6008986AE /* Helpers */,
				75559CDC2AE0135F005C7AF5 /* Info.plist */,
				75559CB02AE0084A005C7AF5 /* Assets.xcassets */,
				75559CB22AE0084A005C7AF5 /* Preview Content */,
				7560AA432AE12FCE008986AE /* Localizable.xcstrings */,
			);
			path = PlacesSwiftUI;
			sourceTree = "<group>";
		};
		75559CB22AE0084A005C7AF5 /* Preview Content */ = {
			isa = PBXGroup;
			children = (
				75559CB32AE0084A005C7AF5 /* Preview Assets.xcassets */,
			);
			path = "Preview Content";
			sourceTree = "<group>";
		};
		75559CBC2AE0084A005C7AF5 /* PlacesSwiftUITests */ = {
			isa = PBXGroup;
			children = (
				7560AA522AE1834D008986AE /* LocationViewModelTests.swift */,
			);
			path = PlacesSwiftUITests;
			sourceTree = "<group>";
		};
		75559CD42AE0085C005C7AF5 /* Frameworks */ = {
			isa = PBXGroup;
			children = (
			);
			name = Frameworks;
			sourceTree = "<group>";
		};
		7560AA492AE17559008986AE /* Places Feed API */ = {
			isa = PBXGroup;
			children = (
				75625F6A2ADE77F100F3E589 /* FeedLoader.swift */,
			);
			path = "Places Feed API";
			sourceTree = "<group>";
		};
		7560AA4A2AE17570008986AE /* RemoteFeedLoader */ = {
			isa = PBXGroup;
			children = (
				75559C8F2ADE797B005C7AF5 /* HTTPClient.swift */,
				75559C992ADE7ADE005C7AF5 /* API.swift */,
				75559C912ADE7997005C7AF5 /* URLSessionHTTPClient.swift */,
				75559C972ADE7ABD005C7AF5 /* RemoteFeedLoader.swift */,
			);
			path = RemoteFeedLoader;
			sourceTree = "<group>";
		};
		7560AA4D2AE18199008986AE /* Views */ = {
			isa = PBXGroup;
			children = (
				75559CAE2AE00849005C7AF5 /* FeedView.swift */,
				7560AA452AE15A9C008986AE /* FeedRow.swift */,
			);
			path = Views;
			sourceTree = "<group>";
		};
		7560AA4E2AE181A4008986AE /* ViewModels */ = {
			isa = PBXGroup;
			children = (
				7560AA4F2AE181CC008986AE /* FeedViewModels.swift */,
				75559CDA2AE00C8F005C7AF5 /* LocationFeedViewModel.swift */,
			);
			path = ViewModels;
			sourceTree = "<group>";
		};
		7560AA512AE181E6008986AE /* Helpers */ = {
			isa = PBXGroup;
			children = (
				7560AA472AE172AD008986AE /* ExternalURLProvider.swift */,
			);
			path = Helpers;
			sourceTree = "<group>";
		};
		75625F472ADE76C800F3E589 = {
			isa = PBXGroup;
			children = (
				7560AA542AE1868D008986AE /* PlacesSwiftUI.xctestplan */,
				75559C9F2ADE83E8005C7AF5 /* README.MD */,
				75559CA22AE00791005C7AF5 /* TestPlans */,
				75625F532ADE76C800F3E589 /* PlacesFeed */,
				75625F5D2ADE76C800F3E589 /* PlacesFeedTests */,
				75559CAB2AE00849005C7AF5 /* PlacesSwiftUI */,
				75559CBC2AE0084A005C7AF5 /* PlacesSwiftUITests */,
				75625F522ADE76C800F3E589 /* Products */,
				75559CD42AE0085C005C7AF5 /* Frameworks */,
			);
			sourceTree = "<group>";
		};
		75625F522ADE76C800F3E589 /* Products */ = {
			isa = PBXGroup;
			children = (
				75625F512ADE76C800F3E589 /* PlacesFeed.framework */,
				75625F592ADE76C800F3E589 /* PlacesFeedTests.xctest */,
				75559CAA2AE00849005C7AF5 /* PlacesSwiftUI.app */,
				75559CB92AE0084A005C7AF5 /* PlacesSwiftUITests.xctest */,
			);
			name = Products;
			sourceTree = "<group>";
		};
		75625F532ADE76C800F3E589 /* PlacesFeed */ = {
			isa = PBXGroup;
			children = (
				7560AA492AE17559008986AE /* Places Feed API */,
				7560AA4A2AE17570008986AE /* RemoteFeedLoader */,
			);
			path = PlacesFeed;
			sourceTree = "<group>";
		};
		75625F5D2ADE76C800F3E589 /* PlacesFeedTests */ = {
			isa = PBXGroup;
			children = (
				75559C932ADE79B4005C7AF5 /* URLSessionHTTPClientTests.swift */,
				75559C952ADE79E8005C7AF5 /* XCTestCase+Helpers.swift */,
				75559C9B2ADE8210005C7AF5 /* RemoteFeedLoaderTests.swift */,
				75559C9D2ADE82C8005C7AF5 /* HTTPClientSpy.swift */,
			);
			path = PlacesFeedTests;
			sourceTree = "<group>";
		};
/* End PBXGroup section */

/* Begin PBXHeadersBuildPhase section */
		75625F4C2ADE76C800F3E589 /* Headers */ = {
			isa = PBXHeadersBuildPhase;
			buildActionMask = 2147483647;
			files = (
			);
			runOnlyForDeploymentPostprocessing = 0;
		};
/* End PBXHeadersBuildPhase section */

/* Begin PBXNativeTarget section */
		75559CA92AE00849005C7AF5 /* PlacesSwiftUI */ = {
			isa = PBXNativeTarget;
			buildConfigurationList = 75559CCB2AE0084A005C7AF5 /* Build configuration list for PBXNativeTarget "PlacesSwiftUI" */;
			buildPhases = (
				75559CA62AE00849005C7AF5 /* Sources */,
				75559CA72AE00849005C7AF5 /* Frameworks */,
				75559CA82AE00849005C7AF5 /* Resources */,
				75559CD92AE0085C005C7AF5 /* Embed Frameworks */,
			);
			buildRules = (
			);
			dependencies = (
				75559CD82AE0085C005C7AF5 /* PBXTargetDependency */,
			);
			name = PlacesSwiftUI;
			productName = PlacesSwiftUI;
			productReference = 75559CAA2AE00849005C7AF5 /* PlacesSwiftUI.app */;
			productType = "com.apple.product-type.application";
		};
		75559CB82AE0084A005C7AF5 /* PlacesSwiftUITests */ = {
			isa = PBXNativeTarget;
			buildConfigurationList = 75559CCE2AE0084A005C7AF5 /* Build configuration list for PBXNativeTarget "PlacesSwiftUITests" */;
			buildPhases = (
				75559CB52AE0084A005C7AF5 /* Sources */,
				75559CB62AE0084A005C7AF5 /* Frameworks */,
				75559CB72AE0084A005C7AF5 /* Resources */,
			);
			buildRules = (
			);
			dependencies = (
				75559CBB2AE0084A005C7AF5 /* PBXTargetDependency */,
			);
			name = PlacesSwiftUITests;
			productName = PlacesSwiftUITests;
			productReference = 75559CB92AE0084A005C7AF5 /* PlacesSwiftUITests.xctest */;
			productType = "com.apple.product-type.bundle.unit-test";
		};
		75625F502ADE76C800F3E589 /* PlacesFeed */ = {
			isa = PBXNativeTarget;
			buildConfigurationList = 75625F632ADE76C800F3E589 /* Build configuration list for PBXNativeTarget "PlacesFeed" */;
			buildPhases = (
				75625F4C2ADE76C800F3E589 /* Headers */,
				75625F4D2ADE76C800F3E589 /* Sources */,
				75625F4E2ADE76C800F3E589 /* Frameworks */,
				75625F4F2ADE76C800F3E589 /* Resources */,
			);
			buildRules = (
			);
			dependencies = (
			);
			name = PlacesFeed;
			productName = PlacesFeed;
			productReference = 75625F512ADE76C800F3E589 /* PlacesFeed.framework */;
			productType = "com.apple.product-type.framework";
		};
		75625F582ADE76C800F3E589 /* PlacesFeedTests */ = {
			isa = PBXNativeTarget;
			buildConfigurationList = 75625F662ADE76C800F3E589 /* Build configuration list for PBXNativeTarget "PlacesFeedTests" */;
			buildPhases = (
				75625F552ADE76C800F3E589 /* Sources */,
				75625F562ADE76C800F3E589 /* Frameworks */,
				75625F572ADE76C800F3E589 /* Resources */,
			);
			buildRules = (
			);
			dependencies = (
				75625F5C2ADE76C800F3E589 /* PBXTargetDependency */,
			);
			name = PlacesFeedTests;
			productName = PlacesFeedTests;
			productReference = 75625F592ADE76C800F3E589 /* PlacesFeedTests.xctest */;
			productType = "com.apple.product-type.bundle.unit-test";
		};
/* End PBXNativeTarget section */

/* Begin PBXProject section */
		75625F482ADE76C800F3E589 /* Project object */ = {
			isa = PBXProject;
			attributes = {
				BuildIndependentTargetsInParallel = 1;
				LastSwiftUpdateCheck = 1500;
				LastUpgradeCheck = 1510;
				TargetAttributes = {
					75559CA92AE00849005C7AF5 = {
						CreatedOnToolsVersion = 15.0;
					};
					75559CB82AE0084A005C7AF5 = {
						CreatedOnToolsVersion = 15.0;
						TestTargetID = 75559CA92AE00849005C7AF5;
					};
					75625F502ADE76C800F3E589 = {
						CreatedOnToolsVersion = 15.0;
						LastSwiftMigration = 1500;
					};
					75625F582ADE76C800F3E589 = {
						CreatedOnToolsVersion = 15.0;
						LastSwiftMigration = 1500;
					};
				};
			};
			buildConfigurationList = 75625F4B2ADE76C800F3E589 /* Build configuration list for PBXProject "Places" */;
			compatibilityVersion = "Xcode 14.0";
			developmentRegion = en;
			hasScannedForEncodings = 0;
			knownRegions = (
				en,
				Base,
				uk,
			);
			mainGroup = 75625F472ADE76C800F3E589;
			productRefGroup = 75625F522ADE76C800F3E589 /* Products */;
			projectDirPath = "";
			projectRoot = "";
			targets = (
				75625F502ADE76C800F3E589 /* PlacesFeed */,
				75625F582ADE76C800F3E589 /* PlacesFeedTests */,
				75559CA92AE00849005C7AF5 /* PlacesSwiftUI */,
				75559CB82AE0084A005C7AF5 /* PlacesSwiftUITests */,
			);
		};
/* End PBXProject section */

/* Begin PBXResourcesBuildPhase section */
		75559CA82AE00849005C7AF5 /* Resources */ = {
			isa = PBXResourcesBuildPhase;
			buildActionMask = 2147483647;
			files = (
				75559CB42AE0084A005C7AF5 /* Preview Assets.xcassets in Resources */,
				75559CB12AE0084A005C7AF5 /* Assets.xcassets in Resources */,
				7560AA442AE12FCE008986AE /* Localizable.xcstrings in Resources */,
			);
			runOnlyForDeploymentPostprocessing = 0;
		};
		75559CB72AE0084A005C7AF5 /* Resources */ = {
			isa = PBXResourcesBuildPhase;
			buildActionMask = 2147483647;
			files = (
			);
			runOnlyForDeploymentPostprocessing = 0;
		};
		75625F4F2ADE76C800F3E589 /* Resources */ = {
			isa = PBXResourcesBuildPhase;
			buildActionMask = 2147483647;
			files = (
			);
			runOnlyForDeploymentPostprocessing = 0;
		};
		75625F572ADE76C800F3E589 /* Resources */ = {
			isa = PBXResourcesBuildPhase;
			buildActionMask = 2147483647;
			files = (
				75559CA02ADE83E8005C7AF5 /* README.MD in Resources */,
			);
			runOnlyForDeploymentPostprocessing = 0;
		};
/* End PBXResourcesBuildPhase section */

/* Begin PBXSourcesBuildPhase section */
		75559CA62AE00849005C7AF5 /* Sources */ = {
			isa = PBXSourcesBuildPhase;
			buildActionMask = 2147483647;
			files = (
				7560AA462AE15A9C008986AE /* FeedRow.swift in Sources */,
				75559CAF2AE00849005C7AF5 /* FeedView.swift in Sources */,
				7560AA422AE11659008986AE /* FeedUIComposer.swift in Sources */,
				7560AA482AE172AD008986AE /* ExternalURLProvider.swift in Sources */,
				75559CDB2AE00C8F005C7AF5 /* LocationFeedViewModel.swift in Sources */,
				75559CAD2AE00849005C7AF5 /* PlacesSwiftUIApp.swift in Sources */,
				7560AA502AE181CC008986AE /* FeedViewModels.swift in Sources */,
			);
			runOnlyForDeploymentPostprocessing = 0;
		};
		75559CB52AE0084A005C7AF5 /* Sources */ = {
			isa = PBXSourcesBuildPhase;
			buildActionMask = 2147483647;
			files = (
				7560AA552AE18AFC008986AE /* XCTestCase+Helpers.swift in Sources */,
				7560AA532AE1834D008986AE /* LocationViewModelTests.swift in Sources */,
			);
			runOnlyForDeploymentPostprocessing = 0;
		};
		75625F4D2ADE76C800F3E589 /* Sources */ = {
			isa = PBXSourcesBuildPhase;
			buildActionMask = 2147483647;
			files = (
				75559C982ADE7ABD005C7AF5 /* RemoteFeedLoader.swift in Sources */,
				75559C902ADE797B005C7AF5 /* HTTPClient.swift in Sources */,
				75625F6B2ADE77F100F3E589 /* FeedLoader.swift in Sources */,
				75559C922ADE7997005C7AF5 /* URLSessionHTTPClient.swift in Sources */,
				75559C9A2ADE7ADE005C7AF5 /* API.swift in Sources */,
			);
			runOnlyForDeploymentPostprocessing = 0;
		};
		75625F552ADE76C800F3E589 /* Sources */ = {
			isa = PBXSourcesBuildPhase;
			buildActionMask = 2147483647;
			files = (
				75559C962ADE79E8005C7AF5 /* XCTestCase+Helpers.swift in Sources */,
				75559C9E2ADE82C8005C7AF5 /* HTTPClientSpy.swift in Sources */,
				75559C942ADE79B4005C7AF5 /* URLSessionHTTPClientTests.swift in Sources */,
				75559C9C2ADE8210005C7AF5 /* RemoteFeedLoaderTests.swift in Sources */,
			);
			runOnlyForDeploymentPostprocessing = 0;
		};
/* End PBXSourcesBuildPhase section */

/* Begin PBXTargetDependency section */
		75559CBB2AE0084A005C7AF5 /* PBXTargetDependency */ = {
			isa = PBXTargetDependency;
			target = 75559CA92AE00849005C7AF5 /* PlacesSwiftUI */;
			targetProxy = 75559CBA2AE0084A005C7AF5 /* PBXContainerItemProxy */;
		};
		75559CD82AE0085C005C7AF5 /* PBXTargetDependency */ = {
			isa = PBXTargetDependency;
			platformFilter = ios;
			target = 75625F502ADE76C800F3E589 /* PlacesFeed */;
			targetProxy = 75559CD72AE0085C005C7AF5 /* PBXContainerItemProxy */;
		};
		75625F5C2ADE76C800F3E589 /* PBXTargetDependency */ = {
			isa = PBXTargetDependency;
			target = 75625F502ADE76C800F3E589 /* PlacesFeed */;
			targetProxy = 75625F5B2ADE76C800F3E589 /* PBXContainerItemProxy */;
		};
/* End PBXTargetDependency section */

/* Begin XCBuildConfiguration section */
		75559CCC2AE0084A005C7AF5 /* Debug */ = {
			isa = XCBuildConfiguration;
			buildSettings = {
				ASSETCATALOG_COMPILER_APPICON_NAME = AppIcon;
				ASSETCATALOG_COMPILER_GLOBAL_ACCENT_COLOR_NAME = AccentColor;
				CODE_SIGN_STYLE = Automatic;
				CURRENT_PROJECT_VERSION = 1;
				DEVELOPMENT_ASSET_PATHS = "\"PlacesSwiftUI/Preview Content\"";
				DEVELOPMENT_TEAM = 4TDY757HQH;
				ENABLE_PREVIEWS = YES;
				GENERATE_INFOPLIST_FILE = YES;
				INFOPLIST_FILE = PlacesSwiftUI/Info.plist;
				INFOPLIST_KEY_UIApplicationSupportsIndirectInputEvents = YES;
				INFOPLIST_KEY_UILaunchScreen_Generation = YES;
				INFOPLIST_KEY_UIStatusBarStyle = "";
				INFOPLIST_KEY_UISupportedInterfaceOrientations_iPad = "UIInterfaceOrientationPortrait UIInterfaceOrientationPortraitUpsideDown UIInterfaceOrientationLandscapeLeft UIInterfaceOrientationLandscapeRight";
				INFOPLIST_KEY_UISupportedInterfaceOrientations_iPhone = "UIInterfaceOrientationPortrait UIInterfaceOrientationLandscapeLeft UIInterfaceOrientationLandscapeRight";
				LD_RUNPATH_SEARCH_PATHS = (
					"$(inherited)",
					"@executable_path/Frameworks",
				);
				MARKETING_VERSION = 1.0;
				PRODUCT_BUNDLE_IDENTIFIER = "com.andrii-mamchenko.places-feed-assignment.PlacesSwiftUI";
				PRODUCT_NAME = "$(TARGET_NAME)";
				SUPPORTED_PLATFORMS = "iphoneos iphonesimulator";
				SUPPORTS_MACCATALYST = NO;
				SWIFT_EMIT_LOC_STRINGS = YES;
				SWIFT_VERSION = 5.0;
				TARGETED_DEVICE_FAMILY = "1,2";
			};
			name = Debug;
		};
		75559CCD2AE0084A005C7AF5 /* Release */ = {
			isa = XCBuildConfiguration;
			buildSettings = {
				ASSETCATALOG_COMPILER_APPICON_NAME = AppIcon;
				ASSETCATALOG_COMPILER_GLOBAL_ACCENT_COLOR_NAME = AccentColor;
				CODE_SIGN_STYLE = Automatic;
				CURRENT_PROJECT_VERSION = 1;
				DEVELOPMENT_ASSET_PATHS = "\"PlacesSwiftUI/Preview Content\"";
				DEVELOPMENT_TEAM = 4TDY757HQH;
				ENABLE_PREVIEWS = YES;
				GENERATE_INFOPLIST_FILE = YES;
				INFOPLIST_FILE = PlacesSwiftUI/Info.plist;
				INFOPLIST_KEY_UIApplicationSupportsIndirectInputEvents = YES;
				INFOPLIST_KEY_UILaunchScreen_Generation = YES;
				INFOPLIST_KEY_UIStatusBarStyle = "";
				INFOPLIST_KEY_UISupportedInterfaceOrientations_iPad = "UIInterfaceOrientationPortrait UIInterfaceOrientationPortraitUpsideDown UIInterfaceOrientationLandscapeLeft UIInterfaceOrientationLandscapeRight";
				INFOPLIST_KEY_UISupportedInterfaceOrientations_iPhone = "UIInterfaceOrientationPortrait UIInterfaceOrientationLandscapeLeft UIInterfaceOrientationLandscapeRight";
				LD_RUNPATH_SEARCH_PATHS = (
					"$(inherited)",
					"@executable_path/Frameworks",
				);
				MARKETING_VERSION = 1.0;
				PRODUCT_BUNDLE_IDENTIFIER = "com.andrii-mamchenko.places-feed-assignment.PlacesSwiftUI";
				PRODUCT_NAME = "$(TARGET_NAME)";
				SUPPORTED_PLATFORMS = "iphoneos iphonesimulator";
				SUPPORTS_MACCATALYST = NO;
				SWIFT_EMIT_LOC_STRINGS = YES;
				SWIFT_VERSION = 5.0;
				TARGETED_DEVICE_FAMILY = "1,2";
			};
			name = Release;
		};
		75559CCF2AE0084A005C7AF5 /* Debug */ = {
			isa = XCBuildConfiguration;
			buildSettings = {
				ALWAYS_EMBED_SWIFT_STANDARD_LIBRARIES = YES;
				BUNDLE_LOADER = "$(TEST_HOST)";
				CODE_SIGN_STYLE = Automatic;
				CURRENT_PROJECT_VERSION = 1;
				DEVELOPMENT_TEAM = 4TDY757HQH;
				GENERATE_INFOPLIST_FILE = YES;
				IPHONEOS_DEPLOYMENT_TARGET = 17.0;
				MARKETING_VERSION = 1.0;
				PRODUCT_BUNDLE_IDENTIFIER = "com.andrii-mamchenko.places-feed-assignment.PlacesSwiftUITests";
				PRODUCT_NAME = "$(TARGET_NAME)";
				SWIFT_EMIT_LOC_STRINGS = NO;
				SWIFT_VERSION = 5.0;
				TARGETED_DEVICE_FAMILY = "1,2";
				TEST_HOST = "$(BUILT_PRODUCTS_DIR)/PlacesSwiftUI.app/$(BUNDLE_EXECUTABLE_FOLDER_PATH)/PlacesSwiftUI";
			};
			name = Debug;
		};
		75559CD02AE0084A005C7AF5 /* Release */ = {
			isa = XCBuildConfiguration;
			buildSettings = {
				ALWAYS_EMBED_SWIFT_STANDARD_LIBRARIES = YES;
				BUNDLE_LOADER = "$(TEST_HOST)";
				CODE_SIGN_STYLE = Automatic;
				CURRENT_PROJECT_VERSION = 1;
				DEVELOPMENT_TEAM = 4TDY757HQH;
				GENERATE_INFOPLIST_FILE = YES;
				IPHONEOS_DEPLOYMENT_TARGET = 17.0;
				MARKETING_VERSION = 1.0;
				PRODUCT_BUNDLE_IDENTIFIER = "com.andrii-mamchenko.places-feed-assignment.PlacesSwiftUITests";
				PRODUCT_NAME = "$(TARGET_NAME)";
				SWIFT_EMIT_LOC_STRINGS = NO;
				SWIFT_VERSION = 5.0;
				TARGETED_DEVICE_FAMILY = "1,2";
				TEST_HOST = "$(BUILT_PRODUCTS_DIR)/PlacesSwiftUI.app/$(BUNDLE_EXECUTABLE_FOLDER_PATH)/PlacesSwiftUI";
			};
			name = Release;
		};
		75625F612ADE76C800F3E589 /* Debug */ = {
			isa = XCBuildConfiguration;
			buildSettings = {
				ALWAYS_SEARCH_USER_PATHS = NO;
				ASSETCATALOG_COMPILER_GENERATE_SWIFT_ASSET_SYMBOL_EXTENSIONS = YES;
				CLANG_ANALYZER_NONNULL = YES;
				CLANG_ANALYZER_NUMBER_OBJECT_CONVERSION = YES_AGGRESSIVE;
				CLANG_CXX_LANGUAGE_STANDARD = "gnu++20";
				CLANG_ENABLE_MODULES = YES;
				CLANG_ENABLE_OBJC_ARC = YES;
				CLANG_ENABLE_OBJC_WEAK = YES;
				CLANG_WARN_BLOCK_CAPTURE_AUTORELEASING = YES;
				CLANG_WARN_BOOL_CONVERSION = YES;
				CLANG_WARN_COMMA = YES;
				CLANG_WARN_CONSTANT_CONVERSION = YES;
				CLANG_WARN_DEPRECATED_OBJC_IMPLEMENTATIONS = YES;
				CLANG_WARN_DIRECT_OBJC_ISA_USAGE = YES_ERROR;
				CLANG_WARN_DOCUMENTATION_COMMENTS = YES;
				CLANG_WARN_EMPTY_BODY = YES;
				CLANG_WARN_ENUM_CONVERSION = YES;
				CLANG_WARN_INFINITE_RECURSION = YES;
				CLANG_WARN_INT_CONVERSION = YES;
				CLANG_WARN_NON_LITERAL_NULL_CONVERSION = YES;
				CLANG_WARN_OBJC_IMPLICIT_RETAIN_SELF = YES;
				CLANG_WARN_OBJC_LITERAL_CONVERSION = YES;
				CLANG_WARN_OBJC_ROOT_CLASS = YES_ERROR;
				CLANG_WARN_QUOTED_INCLUDE_IN_FRAMEWORK_HEADER = YES;
				CLANG_WARN_RANGE_LOOP_ANALYSIS = YES;
				CLANG_WARN_STRICT_PROTOTYPES = YES;
				CLANG_WARN_SUSPICIOUS_MOVE = YES;
				CLANG_WARN_UNGUARDED_AVAILABILITY = YES_AGGRESSIVE;
				CLANG_WARN_UNREACHABLE_CODE = YES;
				CLANG_WARN__DUPLICATE_METHOD_MATCH = YES;
				COPY_PHASE_STRIP = NO;
				CURRENT_PROJECT_VERSION = 1;
				DEBUG_INFORMATION_FORMAT = dwarf;
				ENABLE_STRICT_OBJC_MSGSEND = YES;
				ENABLE_TESTABILITY = YES;
				ENABLE_USER_SCRIPT_SANDBOXING = YES;
				GCC_C_LANGUAGE_STANDARD = gnu17;
				GCC_DYNAMIC_NO_PIC = NO;
				GCC_NO_COMMON_BLOCKS = YES;
				GCC_OPTIMIZATION_LEVEL = 0;
				GCC_PREPROCESSOR_DEFINITIONS = (
					"DEBUG=1",
					"$(inherited)",
				);
				GCC_WARN_64_TO_32_BIT_CONVERSION = YES;
				GCC_WARN_ABOUT_RETURN_TYPE = YES_ERROR;
				GCC_WARN_UNDECLARED_SELECTOR = YES;
				GCC_WARN_UNINITIALIZED_AUTOS = YES_AGGRESSIVE;
				GCC_WARN_UNUSED_FUNCTION = YES;
				GCC_WARN_UNUSED_VARIABLE = YES;
				IPHONEOS_DEPLOYMENT_TARGET = 17.0;
				LOCALIZATION_PREFERS_STRING_CATALOGS = YES;
				MTL_ENABLE_DEBUG_INFO = INCLUDE_SOURCE;
				MTL_FAST_MATH = YES;
				ONLY_ACTIVE_ARCH = YES;
				SDKROOT = iphoneos;
				SWIFT_ACTIVE_COMPILATION_CONDITIONS = "DEBUG $(inherited)";
				SWIFT_OPTIMIZATION_LEVEL = "-Onone";
				VERSIONING_SYSTEM = "apple-generic";
				VERSION_INFO_PREFIX = "";
			};
			name = Debug;
		};
		75625F622ADE76C800F3E589 /* Release */ = {
			isa = XCBuildConfiguration;
			buildSettings = {
				ALWAYS_SEARCH_USER_PATHS = NO;
				ASSETCATALOG_COMPILER_GENERATE_SWIFT_ASSET_SYMBOL_EXTENSIONS = YES;
				CLANG_ANALYZER_NONNULL = YES;
				CLANG_ANALYZER_NUMBER_OBJECT_CONVERSION = YES_AGGRESSIVE;
				CLANG_CXX_LANGUAGE_STANDARD = "gnu++20";
				CLANG_ENABLE_MODULES = YES;
				CLANG_ENABLE_OBJC_ARC = YES;
				CLANG_ENABLE_OBJC_WEAK = YES;
				CLANG_WARN_BLOCK_CAPTURE_AUTORELEASING = YES;
				CLANG_WARN_BOOL_CONVERSION = YES;
				CLANG_WARN_COMMA = YES;
				CLANG_WARN_CONSTANT_CONVERSION = YES;
				CLANG_WARN_DEPRECATED_OBJC_IMPLEMENTATIONS = YES;
				CLANG_WARN_DIRECT_OBJC_ISA_USAGE = YES_ERROR;
				CLANG_WARN_DOCUMENTATION_COMMENTS = YES;
				CLANG_WARN_EMPTY_BODY = YES;
				CLANG_WARN_ENUM_CONVERSION = YES;
				CLANG_WARN_INFINITE_RECURSION = YES;
				CLANG_WARN_INT_CONVERSION = YES;
				CLANG_WARN_NON_LITERAL_NULL_CONVERSION = YES;
				CLANG_WARN_OBJC_IMPLICIT_RETAIN_SELF = YES;
				CLANG_WARN_OBJC_LITERAL_CONVERSION = YES;
				CLANG_WARN_OBJC_ROOT_CLASS = YES_ERROR;
				CLANG_WARN_QUOTED_INCLUDE_IN_FRAMEWORK_HEADER = YES;
				CLANG_WARN_RANGE_LOOP_ANALYSIS = YES;
				CLANG_WARN_STRICT_PROTOTYPES = YES;
				CLANG_WARN_SUSPICIOUS_MOVE = YES;
				CLANG_WARN_UNGUARDED_AVAILABILITY = YES_AGGRESSIVE;
				CLANG_WARN_UNREACHABLE_CODE = YES;
				CLANG_WARN__DUPLICATE_METHOD_MATCH = YES;
				COPY_PHASE_STRIP = NO;
				CURRENT_PROJECT_VERSION = 1;
				DEBUG_INFORMATION_FORMAT = "dwarf-with-dsym";
				ENABLE_NS_ASSERTIONS = NO;
				ENABLE_STRICT_OBJC_MSGSEND = YES;
				ENABLE_USER_SCRIPT_SANDBOXING = YES;
				GCC_C_LANGUAGE_STANDARD = gnu17;
				GCC_NO_COMMON_BLOCKS = YES;
				GCC_WARN_64_TO_32_BIT_CONVERSION = YES;
				GCC_WARN_ABOUT_RETURN_TYPE = YES_ERROR;
				GCC_WARN_UNDECLARED_SELECTOR = YES;
				GCC_WARN_UNINITIALIZED_AUTOS = YES_AGGRESSIVE;
				GCC_WARN_UNUSED_FUNCTION = YES;
				GCC_WARN_UNUSED_VARIABLE = YES;
				IPHONEOS_DEPLOYMENT_TARGET = 17.0;
				LOCALIZATION_PREFERS_STRING_CATALOGS = YES;
				MTL_ENABLE_DEBUG_INFO = NO;
				MTL_FAST_MATH = YES;
				SDKROOT = iphoneos;
				SWIFT_COMPILATION_MODE = wholemodule;
				VALIDATE_PRODUCT = YES;
				VERSIONING_SYSTEM = "apple-generic";
				VERSION_INFO_PREFIX = "";
			};
			name = Release;
		};
		75625F642ADE76C800F3E589 /* Debug */ = {
			isa = XCBuildConfiguration;
			buildSettings = {
				CLANG_ENABLE_MODULES = YES;
				CODE_SIGN_IDENTITY = "";
				CODE_SIGN_STYLE = Automatic;
				CURRENT_PROJECT_VERSION = 1;
				DEFINES_MODULE = YES;
				DEVELOPMENT_TEAM = 4TDY757HQH;
				DYLIB_COMPATIBILITY_VERSION = 1;
				DYLIB_CURRENT_VERSION = 1;
				DYLIB_INSTALL_NAME_BASE = "@rpath";
				ENABLE_MODULE_VERIFIER = YES;
				GENERATE_INFOPLIST_FILE = YES;
				INFOPLIST_KEY_NSHumanReadableCopyright = "";
				INSTALL_PATH = "$(LOCAL_LIBRARY_DIR)/Frameworks";
				LD_RUNPATH_SEARCH_PATHS = (
					"$(inherited)",
					"@executable_path/Frameworks",
					"@loader_path/Frameworks",
				);
				MARKETING_VERSION = 1.0;
				MODULE_VERIFIER_SUPPORTED_LANGUAGES = "objective-c objective-c++";
				MODULE_VERIFIER_SUPPORTED_LANGUAGE_STANDARDS = "gnu17 gnu++20";
				PRODUCT_BUNDLE_IDENTIFIER = "com.andrii-mamchenko.places-feed-assignment.PlacesFeed";
				PRODUCT_NAME = "$(TARGET_NAME:c99extidentifier)";
				SKIP_INSTALL = YES;
				SWIFT_EMIT_LOC_STRINGS = YES;
				SWIFT_OPTIMIZATION_LEVEL = "-Onone";
				SWIFT_VERSION = 5.0;
				TARGETED_DEVICE_FAMILY = "1,2";
			};
			name = Debug;
		};
		75625F652ADE76C800F3E589 /* Release */ = {
			isa = XCBuildConfiguration;
			buildSettings = {
				CLANG_ENABLE_MODULES = YES;
				CODE_SIGN_IDENTITY = "";
				CODE_SIGN_STYLE = Automatic;
				CURRENT_PROJECT_VERSION = 1;
				DEFINES_MODULE = YES;
				DEVELOPMENT_TEAM = 4TDY757HQH;
				DYLIB_COMPATIBILITY_VERSION = 1;
				DYLIB_CURRENT_VERSION = 1;
				DYLIB_INSTALL_NAME_BASE = "@rpath";
				ENABLE_MODULE_VERIFIER = YES;
				GENERATE_INFOPLIST_FILE = YES;
				INFOPLIST_KEY_NSHumanReadableCopyright = "";
				INSTALL_PATH = "$(LOCAL_LIBRARY_DIR)/Frameworks";
				LD_RUNPATH_SEARCH_PATHS = (
					"$(inherited)",
					"@executable_path/Frameworks",
					"@loader_path/Frameworks",
				);
				MARKETING_VERSION = 1.0;
				MODULE_VERIFIER_SUPPORTED_LANGUAGES = "objective-c objective-c++";
				MODULE_VERIFIER_SUPPORTED_LANGUAGE_STANDARDS = "gnu17 gnu++20";
				PRODUCT_BUNDLE_IDENTIFIER = "com.andrii-mamchenko.places-feed-assignment.PlacesFeed";
				PRODUCT_NAME = "$(TARGET_NAME:c99extidentifier)";
				SKIP_INSTALL = YES;
				SWIFT_EMIT_LOC_STRINGS = YES;
				SWIFT_VERSION = 5.0;
				TARGETED_DEVICE_FAMILY = "1,2";
			};
			name = Release;
		};
		75625F672ADE76C800F3E589 /* Debug */ = {
			isa = XCBuildConfiguration;
			buildSettings = {
				ALWAYS_EMBED_SWIFT_STANDARD_LIBRARIES = YES;
				CLANG_ENABLE_MODULES = YES;
				CODE_SIGN_STYLE = Automatic;
				CURRENT_PROJECT_VERSION = 1;
				DEVELOPMENT_TEAM = 4TDY757HQH;
				GENERATE_INFOPLIST_FILE = YES;
				MARKETING_VERSION = 1.0;
				PRODUCT_BUNDLE_IDENTIFIER = "com.andrii-mamchenko.places-feed-assignment.PlacesFeedTests";
				PRODUCT_NAME = "$(TARGET_NAME)";
				SWIFT_EMIT_LOC_STRINGS = NO;
				SWIFT_OPTIMIZATION_LEVEL = "-Onone";
				SWIFT_VERSION = 5.0;
				TARGETED_DEVICE_FAMILY = "1,2";
			};
			name = Debug;
		};
		75625F682ADE76C800F3E589 /* Release */ = {
			isa = XCBuildConfiguration;
			buildSettings = {
				ALWAYS_EMBED_SWIFT_STANDARD_LIBRARIES = YES;
				CLANG_ENABLE_MODULES = YES;
				CODE_SIGN_STYLE = Automatic;
				CURRENT_PROJECT_VERSION = 1;
				DEVELOPMENT_TEAM = 4TDY757HQH;
				GENERATE_INFOPLIST_FILE = YES;
				MARKETING_VERSION = 1.0;
				PRODUCT_BUNDLE_IDENTIFIER = "com.andrii-mamchenko.places-feed-assignment.PlacesFeedTests";
				PRODUCT_NAME = "$(TARGET_NAME)";
				SWIFT_EMIT_LOC_STRINGS = NO;
				SWIFT_VERSION = 5.0;
				TARGETED_DEVICE_FAMILY = "1,2";
			};
			name = Release;
		};
/* End XCBuildConfiguration section */

/* Begin XCConfigurationList section */
		75559CCB2AE0084A005C7AF5 /* Build configuration list for PBXNativeTarget "PlacesSwiftUI" */ = {
			isa = XCConfigurationList;
			buildConfigurations = (
				75559CCC2AE0084A005C7AF5 /* Debug */,
				75559CCD2AE0084A005C7AF5 /* Release */,
			);
			defaultConfigurationIsVisible = 0;
			defaultConfigurationName = Release;
		};
		75559CCE2AE0084A005C7AF5 /* Build configuration list for PBXNativeTarget "PlacesSwiftUITests" */ = {
			isa = XCConfigurationList;
			buildConfigurations = (
				75559CCF2AE0084A005C7AF5 /* Debug */,
				75559CD02AE0084A005C7AF5 /* Release */,
			);
			defaultConfigurationIsVisible = 0;
			defaultConfigurationName = Release;
		};
		75625F4B2ADE76C800F3E589 /* Build configuration list for PBXProject "Places" */ = {
			isa = XCConfigurationList;
			buildConfigurations = (
				75625F612ADE76C800F3E589 /* Debug */,
				75625F622ADE76C800F3E589 /* Release */,
			);
			defaultConfigurationIsVisible = 0;
			defaultConfigurationName = Release;
		};
		75625F632ADE76C800F3E589 /* Build configuration list for PBXNativeTarget "PlacesFeed" */ = {
			isa = XCConfigurationList;
			buildConfigurations = (
				75625F642ADE76C800F3E589 /* Debug */,
				75625F652ADE76C800F3E589 /* Release */,
			);
			defaultConfigurationIsVisible = 0;
			defaultConfigurationName = Release;
		};
		75625F662ADE76C800F3E589 /* Build configuration list for PBXNativeTarget "PlacesFeedTests" */ = {
			isa = XCConfigurationList;
			buildConfigurations = (
				75625F672ADE76C800F3E589 /* Debug */,
				75625F682ADE76C800F3E589 /* Release */,
			);
			defaultConfigurationIsVisible = 0;
			defaultConfigurationName = Release;
		};
/* End XCConfigurationList section */
	};
	rootObject = 75625F482ADE76C800F3E589 /* Project object */;
}
